
Microsoft Visual Studio Solution File, Format Version 12.00
# Visual Studio Version 17
VisualStudioVersion = 17.14.36616.10 d17.14
MinimumVisualStudioVersion = 10.0.40219.1
Project("{FAE04EC0-301F-11D3-BF4B-00C04F79EFBC}") = "ccPro.BlazorSunEditor", "src\ccPro.BlazorSunEditor\ccPro.BlazorSunEditor.csproj", "{DC8691A1-43A7-4ABF-8EEC-DE07044AF75A}"
EndProject
Project("{FAE04EC0-301F-11D3-BF4B-00C04F79EFBC}") = "ccPro.BlazorSunEditor.Sample", "src\ccPro.BlazorSunEditor.Sample\ccPro.BlazorSunEditor.Sample.csproj", "{38886044-E55E-48C0-8357-D4D04C3FCE8C}"
EndProject
Project("{2150E333-8FDC-42A3-9474-1A3956D46DE8}") = "Solution Items", "Solution Items", "{02EA681E-C7D8-13C7-8484-4AC65E1B71E8}"
	ProjectSection(SolutionItems) = preProject
		..\..\ccProTimePicker\ccPro.BlazorTimePicker\LICENSE = ..\..\ccProTimePicker\ccPro.BlazorTimePicker\LICENSE
		README.md = README.md
	EndProjectSection
EndProject
Global
	GlobalSection(SolutionConfigurationPlatforms) = preSolution
		Debug|Any CPU = Debug|Any CPU
		Release|Any CPU = Release|Any CPU
	EndGlobalSection
	GlobalSection(ProjectConfigurationPlatforms) = postSolution
		{DC8691A1-43A7-4ABF-8EEC-DE07044AF75A}.Debug|Any CPU.ActiveCfg = Debug|Any CPU
		{DC8691A1-43A7-4ABF-8EEC-DE07044AF75A}.Debug|Any CPU.Build.0 = Debug|Any CPU
		{DC8691A1-43A7-4ABF-8EEC-DE07044AF75A}.Release|Any CPU.ActiveCfg = Release|Any CPU
		{DC8691A1-43A7-4ABF-8EEC-DE07044AF75A}.Release|Any CPU.Build.0 = Release|Any CPU
		{38886044-E55E-48C0-8357-D4D04C3FCE8C}.Debug|Any CPU.ActiveCfg = Debug|Any CPU
		{38886044-E55E-48C0-8357-D4D04C3FCE8C}.Debug|Any CPU.Build.0 = Debug|Any CPU
		{38886044-E55E-48C0-8357-D4D04C3FCE8C}.Release|Any CPU.ActiveCfg = Release|Any CPU
		{38886044-E55E-48C0-8357-D4D04C3FCE8C}.Release|Any CPU.Build.0 = Release|Any CPU
	EndGlobalSection
	GlobalSection(SolutionProperties) = preSolution
		HideSolutionNode = FALSE
	EndGlobalSection
	GlobalSection(ExtensibilityGlobals) = postSolution
		SolutionGuid = {C5E65BB7-5A9B-4777-AC66-CCDFFC967C28}
	EndGlobalSection
EndGlobal
